
Microsoft Visual Studio Solution File, Format Version 12.00
# Visual Studio Version 17
VisualStudioVersion = 17.8.34219.65
MinimumVisualStudioVersion = 10.0.40219.1
Project("{2150E333-8FDC-42A3-9474-1A3956D46DE8}") = "Services", "Services", "{03B82FA7-800E-490A-BF57-F4E17131FF1F}"
EndProject
Project("{2150E333-8FDC-42A3-9474-1A3956D46DE8}") = "Catalog", "Catalog", "{78EB3466-9687-48BC-8F03-1627DF7CC3D9}"
EndProject
Project("{9A19103F-16F7-4668-BE54-9A1E7A4F7556}") = "MultiShop.Catalog", "Services\Catalog\MultiShop.Catalog\MultiShop.Catalog.csproj", "{95BCFE6E-3B6B-4AF1-8D88-22742649A7B3}"
EndProject
Project("{2150E333-8FDC-42A3-9474-1A3956D46DE8}") = "Solution Items", "Solution Items", "{DA282D50-C86F-4608-A76B-2D8B6DF00F6F}"
	ProjectSection(SolutionItems) = preProject
		.editorconfig = .editorconfig
	EndProjectSection
EndProject
Project("{2150E333-8FDC-42A3-9474-1A3956D46DE8}") = "Discount", "Discount", "{809F2D5B-D4FE-470F-92E4-569D33A29E9F}"
EndProject
Project("{9A19103F-16F7-4668-BE54-9A1E7A4F7556}") = "MultiShop.Discount", "Services\Discount\MultiShop.Discount\MultiShop.Discount.csproj", "{7E69CF3D-FDAD-4A3F-BBE3-A17435D549C0}"
EndProject
Project("{2150E333-8FDC-42A3-9474-1A3956D46DE8}") = "Order", "Order", "{73742EF8-279A-47A8-AA05-BF3EB3349115}"
EndProject
Project("{2150E333-8FDC-42A3-9474-1A3956D46DE8}") = "Core", "Core", "{4281DD03-5078-4136-A0B4-7A3CBC208FB4}"
EndProject
Project("{2150E333-8FDC-42A3-9474-1A3956D46DE8}") = "Infrastructure", "Infrastructure", "{DC60F2A4-5EF7-495D-B5FA-650DAFBD157E}"
EndProject
Project("{2150E333-8FDC-42A3-9474-1A3956D46DE8}") = "Presentation", "Presentation", "{1C7BFFDC-BEBB-40B9-9B8D-40BBC775E1EB}"
EndProject
Project("{9A19103F-16F7-4668-BE54-9A1E7A4F7556}") = "MultiShop.Order.Domain", "Services\Order\Core\MultiShop.Order.Domain\MultiShop.Order.Domain.csproj", "{A12AEDBC-E641-4FEF-A621-3857C40A7997}"
EndProject
Project("{9A19103F-16F7-4668-BE54-9A1E7A4F7556}") = "MultiShop.Order.Application", "Services\Order\Core\MultiShop.Order.Application\MultiShop.Order.Application.csproj", "{64D7551A-73FA-488C-9DF7-41042A1211CB}"
EndProject
Project("{9A19103F-16F7-4668-BE54-9A1E7A4F7556}") = "MultiShop.Order.Persistence", "Services\Order\Infrastructure\MultiShop.Order.Persistence\MultiShop.Order.Persistence.csproj", "{BBA1AC87-7547-4D68-8B2D-B42A0E55E86E}"
EndProject
Project("{9A19103F-16F7-4668-BE54-9A1E7A4F7556}") = "MultiShop.Order.WebApi", "Services\Order\Presentation\MultiShop.Order.WebApi\MultiShop.Order.WebApi.csproj", "{DBDE4BE6-AFF9-4044-838A-0B201119DFAA}"
EndProject
Project("{2150E333-8FDC-42A3-9474-1A3956D46DE8}") = "IdentityServer", "IdentityServer", "{7828780C-D2DD-43D7-8DE9-1913A14700E3}"
EndProject
Project("{9A19103F-16F7-4668-BE54-9A1E7A4F7556}") = "MultiShop.IdentityServer", "IdentityServer\MultiShop.IdentityServer\MultiShop.IdentityServer.csproj", "{55C5A208-A61C-4447-A933-B9A9F6A967B4}"
EndProject
Project("{2150E333-8FDC-42A3-9474-1A3956D46DE8}") = "Requirements", "Requirements", "{D2C315E4-13BE-4306-BEF0-90E77FCF3D19}"
	ProjectSection(SolutionItems) = preProject
		IdentityServerVersionErrorSoluiton.txt = IdentityServerVersionErrorSoluiton.txt
		PortainerCmd.txt = PortainerCmd.txt
		PortNumbers.txt = PortNumbers.txt
	EndProjectSection
EndProject
Project("{2150E333-8FDC-42A3-9474-1A3956D46DE8}") = "Cargo", "Cargo", "{8BA4C07B-E1DB-4E7B-83D5-F62AA7EB43A0}"
EndProject
Project("{FAE04EC0-301F-11D3-BF4B-00C04F79EFBC}") = "MultiShop.Cargo.EntityLayer", "Services\Cargo\MultiShop.Cargo.EntityLayer\MultiShop.Cargo.EntityLayer.csproj", "{1C1862F2-0E8C-4956-8024-B28538C2A465}"
EndProject
Project("{FAE04EC0-301F-11D3-BF4B-00C04F79EFBC}") = "MultiShop.Cargo.BusinessLayer", "Services\Cargo\MultiShop.Cargo.BusinessLayer\MultiShop.Cargo.BusinessLayer.csproj", "{3B605B8F-431E-49A9-AB21-BDF92451A07F}"
EndProject
Project("{FAE04EC0-301F-11D3-BF4B-00C04F79EFBC}") = "MultiShop.Cargo.DataAccessLayer", "Services\Cargo\MultiShop.Cargo.DataAccessLayer\MultiShop.Cargo.DataAccessLayer.csproj", "{6D706DFA-EF1D-49F8-A3C6-C4859FCB1867}"
EndProject
Project("{FAE04EC0-301F-11D3-BF4B-00C04F79EFBC}") = "MultiShop.Cargo.DtoLayer", "Services\Cargo\MultiShop.Cargo.DtoLayer\MultiShop.Cargo.DtoLayer.csproj", "{EC408D87-8406-4ACA-920A-CB45BB1FC9BF}"
EndProject
Project("{FAE04EC0-301F-11D3-BF4B-00C04F79EFBC}") = "MultiShop.Cargo.WebApi", "Services\Cargo\MultiShop.Cargo.WebApi\MultiShop.Cargo.WebApi.csproj", "{E661133E-33B1-4404-B76A-D14EAE1A535C}"
EndProject
Global
	GlobalSection(SolutionConfigurationPlatforms) = preSolution
		Debug|Any CPU = Debug|Any CPU
		Release|Any CPU = Release|Any CPU
	EndGlobalSection
	GlobalSection(ProjectConfigurationPlatforms) = postSolution
		{95BCFE6E-3B6B-4AF1-8D88-22742649A7B3}.Debug|Any CPU.ActiveCfg = Debug|Any CPU
		{95BCFE6E-3B6B-4AF1-8D88-22742649A7B3}.Debug|Any CPU.Build.0 = Debug|Any CPU
		{95BCFE6E-3B6B-4AF1-8D88-22742649A7B3}.Release|Any CPU.ActiveCfg = Release|Any CPU
		{95BCFE6E-3B6B-4AF1-8D88-22742649A7B3}.Release|Any CPU.Build.0 = Release|Any CPU
		{7E69CF3D-FDAD-4A3F-BBE3-A17435D549C0}.Debug|Any CPU.ActiveCfg = Debug|Any CPU
		{7E69CF3D-FDAD-4A3F-BBE3-A17435D549C0}.Debug|Any CPU.Build.0 = Debug|Any CPU
		{7E69CF3D-FDAD-4A3F-BBE3-A17435D549C0}.Release|Any CPU.ActiveCfg = Release|Any CPU
		{7E69CF3D-FDAD-4A3F-BBE3-A17435D549C0}.Release|Any CPU.Build.0 = Release|Any CPU
		{A12AEDBC-E641-4FEF-A621-3857C40A7997}.Debug|Any CPU.ActiveCfg = Debug|Any CPU
		{A12AEDBC-E641-4FEF-A621-3857C40A7997}.Debug|Any CPU.Build.0 = Debug|Any CPU
		{A12AEDBC-E641-4FEF-A621-3857C40A7997}.Release|Any CPU.ActiveCfg = Release|Any CPU
		{A12AEDBC-E641-4FEF-A621-3857C40A7997}.Release|Any CPU.Build.0 = Release|Any CPU
		{64D7551A-73FA-488C-9DF7-41042A1211CB}.Debug|Any CPU.ActiveCfg = Debug|Any CPU
		{64D7551A-73FA-488C-9DF7-41042A1211CB}.Debug|Any CPU.Build.0 = Debug|Any CPU
		{64D7551A-73FA-488C-9DF7-41042A1211CB}.Release|Any CPU.ActiveCfg = Release|Any CPU
		{64D7551A-73FA-488C-9DF7-41042A1211CB}.Release|Any CPU.Build.0 = Release|Any CPU
		{BBA1AC87-7547-4D68-8B2D-B42A0E55E86E}.Debug|Any CPU.ActiveCfg = Debug|Any CPU
		{BBA1AC87-7547-4D68-8B2D-B42A0E55E86E}.Debug|Any CPU.Build.0 = Debug|Any CPU
		{BBA1AC87-7547-4D68-8B2D-B42A0E55E86E}.Release|Any CPU.ActiveCfg = Release|Any CPU
		{BBA1AC87-7547-4D68-8B2D-B42A0E55E86E}.Release|Any CPU.Build.0 = Release|Any CPU
		{DBDE4BE6-AFF9-4044-838A-0B201119DFAA}.Debug|Any CPU.ActiveCfg = Debug|Any CPU
		{DBDE4BE6-AFF9-4044-838A-0B201119DFAA}.Debug|Any CPU.Build.0 = Debug|Any CPU
		{DBDE4BE6-AFF9-4044-838A-0B201119DFAA}.Release|Any CPU.ActiveCfg = Release|Any CPU
		{DBDE4BE6-AFF9-4044-838A-0B201119DFAA}.Release|Any CPU.Build.0 = Release|Any CPU
		{55C5A208-A61C-4447-A933-B9A9F6A967B4}.Debug|Any CPU.ActiveCfg = Debug|Any CPU
		{55C5A208-A61C-4447-A933-B9A9F6A967B4}.Debug|Any CPU.Build.0 = Debug|Any CPU
		{55C5A208-A61C-4447-A933-B9A9F6A967B4}.Release|Any CPU.ActiveCfg = Release|Any CPU
		{55C5A208-A61C-4447-A933-B9A9F6A967B4}.Release|Any CPU.Build.0 = Release|Any CPU
		{1C1862F2-0E8C-4956-8024-B28538C2A465}.Debug|Any CPU.ActiveCfg = Debug|Any CPU
		{1C1862F2-0E8C-4956-8024-B28538C2A465}.Debug|Any CPU.Build.0 = Debug|Any CPU
		{1C1862F2-0E8C-4956-8024-B28538C2A465}.Release|Any CPU.ActiveCfg = Release|Any CPU
		{1C1862F2-0E8C-4956-8024-B28538C2A465}.Release|Any CPU.Build.0 = Release|Any CPU
		{3B605B8F-431E-49A9-AB21-BDF92451A07F}.Debug|Any CPU.ActiveCfg = Debug|Any CPU
		{3B605B8F-431E-49A9-AB21-BDF92451A07F}.Debug|Any CPU.Build.0 = Debug|Any CPU
		{3B605B8F-431E-49A9-AB21-BDF92451A07F}.Release|Any CPU.ActiveCfg = Release|Any CPU
		{3B605B8F-431E-49A9-AB21-BDF92451A07F}.Release|Any CPU.Build.0 = Release|Any CPU
		{6D706DFA-EF1D-49F8-A3C6-C4859FCB1867}.Debug|Any CPU.ActiveCfg = Debug|Any CPU
		{6D706DFA-EF1D-49F8-A3C6-C4859FCB1867}.Debug|Any CPU.Build.0 = Debug|Any CPU
		{6D706DFA-EF1D-49F8-A3C6-C4859FCB1867}.Release|Any CPU.ActiveCfg = Release|Any CPU
		{6D706DFA-EF1D-49F8-A3C6-C4859FCB1867}.Release|Any CPU.Build.0 = Release|Any CPU
		{EC408D87-8406-4ACA-920A-CB45BB1FC9BF}.Debug|Any CPU.ActiveCfg = Debug|Any CPU
		{EC408D87-8406-4ACA-920A-CB45BB1FC9BF}.Debug|Any CPU.Build.0 = Debug|Any CPU
		{EC408D87-8406-4ACA-920A-CB45BB1FC9BF}.Release|Any CPU.ActiveCfg = Release|Any CPU
		{EC408D87-8406-4ACA-920A-CB45BB1FC9BF}.Release|Any CPU.Build.0 = Release|Any CPU
		{E661133E-33B1-4404-B76A-D14EAE1A535C}.Debug|Any CPU.ActiveCfg = Debug|Any CPU
		{E661133E-33B1-4404-B76A-D14EAE1A535C}.Debug|Any CPU.Build.0 = Debug|Any CPU
		{E661133E-33B1-4404-B76A-D14EAE1A535C}.Release|Any CPU.ActiveCfg = Release|Any CPU
		{E661133E-33B1-4404-B76A-D14EAE1A535C}.Release|Any CPU.Build.0 = Release|Any CPU
	EndGlobalSection
	GlobalSection(SolutionProperties) = preSolution
		HideSolutionNode = FALSE
	EndGlobalSection
	GlobalSection(NestedProjects) = preSolution
		{78EB3466-9687-48BC-8F03-1627DF7CC3D9} = {03B82FA7-800E-490A-BF57-F4E17131FF1F}
		{95BCFE6E-3B6B-4AF1-8D88-22742649A7B3} = {78EB3466-9687-48BC-8F03-1627DF7CC3D9}
		{809F2D5B-D4FE-470F-92E4-569D33A29E9F} = {03B82FA7-800E-490A-BF57-F4E17131FF1F}
		{7E69CF3D-FDAD-4A3F-BBE3-A17435D549C0} = {809F2D5B-D4FE-470F-92E4-569D33A29E9F}
		{73742EF8-279A-47A8-AA05-BF3EB3349115} = {03B82FA7-800E-490A-BF57-F4E17131FF1F}
		{4281DD03-5078-4136-A0B4-7A3CBC208FB4} = {73742EF8-279A-47A8-AA05-BF3EB3349115}
		{DC60F2A4-5EF7-495D-B5FA-650DAFBD157E} = {73742EF8-279A-47A8-AA05-BF3EB3349115}
		{1C7BFFDC-BEBB-40B9-9B8D-40BBC775E1EB} = {73742EF8-279A-47A8-AA05-BF3EB3349115}
		{A12AEDBC-E641-4FEF-A621-3857C40A7997} = {4281DD03-5078-4136-A0B4-7A3CBC208FB4}
		{64D7551A-73FA-488C-9DF7-41042A1211CB} = {4281DD03-5078-4136-A0B4-7A3CBC208FB4}
		{BBA1AC87-7547-4D68-8B2D-B42A0E55E86E} = {DC60F2A4-5EF7-495D-B5FA-650DAFBD157E}
		{DBDE4BE6-AFF9-4044-838A-0B201119DFAA} = {1C7BFFDC-BEBB-40B9-9B8D-40BBC775E1EB}
		{55C5A208-A61C-4447-A933-B9A9F6A967B4} = {7828780C-D2DD-43D7-8DE9-1913A14700E3}
		{8BA4C07B-E1DB-4E7B-83D5-F62AA7EB43A0} = {03B82FA7-800E-490A-BF57-F4E17131FF1F}
		{1C1862F2-0E8C-4956-8024-B28538C2A465} = {8BA4C07B-E1DB-4E7B-83D5-F62AA7EB43A0}
		{3B605B8F-431E-49A9-AB21-BDF92451A07F} = {8BA4C07B-E1DB-4E7B-83D5-F62AA7EB43A0}
		{6D706DFA-EF1D-49F8-A3C6-C4859FCB1867} = {8BA4C07B-E1DB-4E7B-83D5-F62AA7EB43A0}
		{EC408D87-8406-4ACA-920A-CB45BB1FC9BF} = {8BA4C07B-E1DB-4E7B-83D5-F62AA7EB43A0}
		{E661133E-33B1-4404-B76A-D14EAE1A535C} = {8BA4C07B-E1DB-4E7B-83D5-F62AA7EB43A0}
	EndGlobalSection
	GlobalSection(ExtensibilityGlobals) = postSolution
		SolutionGuid = {E79FF31A-BFF6-487D-8C9E-DB55A57CEB67}
	EndGlobalSection
EndGlobal
